{
  "version": 1,
  "dependencies": {
    "net10.0": {
      "Microsoft.EntityFrameworkCore.Sqlite": {
        "type": "Direct",
        "requested": "[10.0.3, )",
        "resolved": "10.0.3",
        "contentHash": "pXP9l00ZzsZuS6ajUJFLHi5vt3vVxHaxQXCwRs73tyqNbjPX/4ac114wyfAepMSmUKq0roFFoTZ7h+1K1+iQjQ==",
        "dependencies": {
          "Microsoft.EntityFrameworkCore.Sqlite.Core": "10.0.3",
          "Microsoft.Extensions.Caching.Memory": "10.0.3",
          "Microsoft.Extensions.Configuration.Abstractions": "10.0.3",
          "Microsoft.Extensions.DependencyModel": "10.0.3",
          "Microsoft.Extensions.Logging": "10.0.3",
          "SQLitePCLRaw.bundle_e_sqlite3": "2.1.11",
          "SQLitePCLRaw.core": "2.1.11"
        }
      },
      "Microsoft.Extensions.Logging.Console": {
        "type": "Direct",
        "requested": "[9.0.10, )",
        "resolved": "9.0.10",
        "contentHash": "ponA8k4E4S0LlQ8J4ce4Yp1NND8rxww0lbADK9yL3omRpnnawiENb7W/CTgZUIZVJxKcmIwhm1IbUCRk6RLocQ==",
        "dependencies": {
          "Microsoft.Extensions.DependencyInjection.Abstractions": "9.0.10",
          "Microsoft.Extensions.Logging": "9.0.10",
          "Microsoft.Extensions.Logging.Abstractions": "9.0.10",
          "Microsoft.Extensions.Logging.Configuration": "9.0.10",
          "Microsoft.Extensions.Options": "9.0.10"
        }
      },
      "Microsoft.NET.ILLink.Tasks": {
        "type": "Direct",
        "requested": "[10.0.3, )",
        "resolved": "10.0.3",
        "contentHash": "0B6nZyCHWXnvmlB559oduOspVdNOnpNXPjhpWVMovLPAsDVG7A4jJR9rzECf67JUzxP8/ee/wA8clwIzJcWNFA=="
      },
      "Okta.Sdk": {
        "type": "Direct",
        "requested": "[10.0.3, )",
        "resolved": "10.0.3",
        "contentHash": "VMULZMyWcm351gknArO9OgfloqCDsqr1iLxx2jSGYJzkW1swgzfgo+0EhTKK9BnMDgSmMkQsBPFIzUeqNPcYkw==",
        "dependencies": {
          "JsonSubTypes": "2.0.1",
          "Microsoft.Bcl.AsyncInterfaces": "9.0.0",
          "Microsoft.Extensions.Configuration": "9.0.0",
          "Microsoft.IdentityModel.Protocols": "8.15.0",
          "Microsoft.IdentityModel.Protocols.OpenIdConnect": "8.15.0",
          "Microsoft.IdentityModel.Tokens": "8.15.0",
          "Newtonsoft.Json": "13.0.3",
          "Okta.Sdk.Abstractions": "4.0.4",
          "Polly": "7.2.4",
          "RestSharp": "112.1.0",
          "System.IdentityModel.Tokens.Jwt": "8.15.0"
        }
      },
      "System.CommandLine": {
        "type": "Direct",
        "requested": "[2.0.0-rc.1.25451.107, )",
        "resolved": "2.0.0-rc.1.25451.107",
        "contentHash": "j+0Yg2TZ5rwbGTRArdF9w993dGWCPRbD+lg3S0D6MLckrKQ3J70s52TlbxKlISsoXUP/X+e6uPocbkKjP3wSag=="
      },
      "JsonSubTypes": {
        "type": "Transitive",
        "resolved": "2.0.1",
        "contentHash": "1Po+Ypf0SjCeEKx5+C89Nb5OgTcqNvfS3uTI46MUM+KEp6Rq/M0h+vVsTUt/6DFRwZMTpsAJM4yJrZmEObVANA==",
        "dependencies": {
          "Newtonsoft.Json": "13.0.1"
        }
      },
      "Microsoft.Bcl.AsyncInterfaces": {
        "type": "Transitive",
        "resolved": "9.0.0",
        "contentHash": "owmu2Cr3IQ8yQiBleBHlGk8dSQ12oaF2e7TpzwJKEl4m84kkZJjEY1n33L67Y3zM5jPOjmmbdHjbfiL0RqcMRQ=="
      },
      "Microsoft.Data.Sqlite.Core": {
        "type": "Transitive",
        "resolved": "10.0.3",
        "contentHash": "onD94qHlvteS2S9eg1T7Huehm3x92no4nU1AyDWjSmT6jDBhY8QF0UapwNhFA+1dArzxM10fV7s6uI1EIK2+dw==",
        "dependencies": {
          "SQLitePCLRaw.core": "2.1.11"
        }
      },
      "Microsoft.EntityFrameworkCore": {
        "type": "Transitive",
        "resolved": "10.0.3",
        "contentHash": "CDEImwD4A7BseABJMCpLZnhfFjmPY/bHwhhS70elc6gLI/bYUEOhxWt7PmaNGYGhIEzOnStlCy5QcVb+8dod5Q==",
        "dependencies": {
          "Microsoft.EntityFrameworkCore.Abstractions": "10.0.3",
          "Microsoft.EntityFrameworkCore.Analyzers": "10.0.3",
          "Microsoft.Extensions.Caching.Memory": "10.0.3",
          "Microsoft.Extensions.Logging": "10.0.3"
        }
      },
      "Microsoft.EntityFrameworkCore.Abstractions": {
        "type": "Transitive",
        "resolved": "10.0.3",
        "contentHash": "c7Uoz381xnMHNBRB8eHRhGgzUtXbgddlbODhwZRrTSzZWDharp3RkJsFwhxyESbeXhCqmML7VdvjMQ7uu+HreA=="
      },
      "Microsoft.EntityFrameworkCore.Analyzers": {
        "type": "Transitive",
        "resolved": "10.0.3",
        "contentHash": "lVABgJTyTUNE7Bi0bSu4dWHiCHIXEGzTh/kLh0N07IgU/tIKwTeBPp8tgV4x2iKj4h7iPLo8oXzyHmLDGtAE1g=="
      },
      "Microsoft.EntityFrameworkCore.Relational": {
        "type": "Transitive",
        "resolved": "10.0.3",
        "contentHash": "Pmh60OK9neVr/M0FJwm9hlzm2bD4Kd65SID8E6SP5c90tExNgXwORrlEWl0oGU/ig9ifpNN4PSpIrnHNozlT5w==",
        "dependencies": {
          "Microsoft.EntityFrameworkCore": "10.0.3",
          "Microsoft.Extensions.Caching.Memory": "10.0.3",
          "Microsoft.Extensions.Configuration.Abstractions": "10.0.3",
          "Microsoft.Extensions.Logging": "10.0.3"
        }
      },
      "Microsoft.EntityFrameworkCore.Sqlite.Core": {
        "type": "Transitive",
        "resolved": "10.0.3",
        "contentHash": "bUkOkSwPqvhNlsMMg5dA/PR9S4cVehiHEIZklakRH6JZCFsEBNvUz8kBRGK8Hi6mcaPKUAmVZQkN3moZsBYZLA==",
        "dependencies": {
          "Microsoft.Data.Sqlite.Core": "10.0.3",
          "Microsoft.EntityFrameworkCore.Relational": "10.0.3",
          "Microsoft.Extensions.Caching.Memory": "10.0.3",
          "Microsoft.Extensions.Configuration.Abstractions": "10.0.3",
          "Microsoft.Extensions.DependencyModel": "10.0.3",
          "Microsoft.Extensions.Logging": "10.0.3",
          "SQLitePCLRaw.core": "2.1.11"
        }
      },
      "Microsoft.Extensions.Caching.Abstractions": {
        "type": "Transitive",
        "resolved": "10.0.3",
        "contentHash": "5dtXBvI8t3z8pF4tB38JYgi/enCL/DwSXxpqShgFz3SHJ7IzqFIMs6Gu5ik8sNZzcO9qQs3xIDpB3vDamkYG+Q==",
        "dependencies": {
          "Microsoft.Extensions.Primitives": "10.0.3"
        }
      },
      "Microsoft.Extensions.Caching.Memory": {
        "type": "Transitive",
        "resolved": "10.0.3",
        "contentHash": "No4fVh0z30SWqiWFRoA4PNdrEco6OjXvCqRFvlmRgDQqqks2bRDdeavUgWEiAX153ZAwW9loUgbxcvuP4NKQLg==",
        "dependencies": {
          "Microsoft.Extensions.Caching.Abstractions": "10.0.3",
          "Microsoft.Extensions.DependencyInjection.Abstractions": "10.0.3",
          "Microsoft.Extensions.Logging.Abstractions": "10.0.3",
          "Microsoft.Extensions.Options": "10.0.3",
          "Microsoft.Extensions.Primitives": "10.0.3"
        }
      },
      "Microsoft.Extensions.Configuration": {
        "type": "Transitive",
        "resolved": "9.0.10",
        "contentHash": "UAm3SLGAMlJdowbN+/xnh2UGJkdJoXVm4MsdhZ60dAMS8jteoyCx5WfIab5DKv0TCYpdhVecLJVUjEO3abs9UQ==",
        "dependencies": {
          "Microsoft.Extensions.Configuration.Abstractions": "9.0.10",
          "Microsoft.Extensions.Primitives": "9.0.10"
        }
      },
      "Microsoft.Extensions.Configuration.Abstractions": {
        "type": "Transitive",
        "resolved": "10.0.3",
        "contentHash": "xVDHL0+SIgemfh95fTO9cGLe17TWv/ZP0n7m01z8X6pzt2DmQpucioWR/mYZA1sRlkWnkXzfl0JweLNWmE9WMg==",
        "dependencies": {
          "Microsoft.Extensions.Primitives": "10.0.3"
        }
      },
      "Microsoft.Extensions.Configuration.Binder": {
        "type": "Transitive",
        "resolved": "9.0.10",
        "contentHash": "D6Kng+9I+w1SQPxJybc6wzw9nnnyUQPutycjtI0svv1RHaWOpUk9PPlwIRfhhoQZ3yihejkEI2wNv/7VnVtkGA==",
        "dependencies": {
          "Microsoft.Extensions.Configuration.Abstractions": "9.0.10"
        }
      },
      "Microsoft.Extensions.Configuration.EnvironmentVariables": {
        "type": "Transitive",
        "resolved": "6.0.1",
        "contentHash": "pnyXV1LFOsYjGveuC07xp0YHIyGq7jRq5Ncb5zrrIieMLWVwgMyYxcOH0jTnBedDT4Gh1QinSqsjqzcieHk1og==",
        "dependencies": {
          "Microsoft.Extensions.Configuration": "6.0.0",
          "Microsoft.Extensions.Configuration.Abstractions": "6.0.0"
        }
      },
      "Microsoft.Extensions.Configuration.FileExtensions": {
        "type": "Transitive",
        "resolved": "6.0.0",
        "contentHash": "V4Dth2cYMZpw3HhGw9XUDIijpI6gN+22LDt0AhufIgOppCUfpWX4483OmN+dFXRJkJLc8Tv0Q8QK+1ingT2+KQ==",
        "dependencies": {
          "Microsoft.Extensions.Configuration": "6.0.0",
          "Microsoft.Extensions.Configuration.Abstractions": "6.0.0",
          "Microsoft.Extensions.FileProviders.Abstractions": "6.0.0",
          "Microsoft.Extensions.FileProviders.Physical": "6.0.0",
          "Microsoft.Extensions.Primitives": "6.0.0"
        }
      },
      "Microsoft.Extensions.Configuration.Json": {
        "type": "Transitive",
        "resolved": "6.0.0",
        "contentHash": "GJGery6QytCzS/BxJ96klgG9in3uH26KcUBbiVG/coNDXCRq6LGVVlUT4vXq34KPuM+R2av+LeYdX9h4IZOCUg==",
        "dependencies": {
          "Microsoft.Extensions.Configuration": "6.0.0",
          "Microsoft.Extensions.Configuration.Abstractions": "6.0.0",
          "Microsoft.Extensions.Configuration.FileExtensions": "6.0.0",
          "Microsoft.Extensions.FileProviders.Abstractions": "6.0.0"
        }
      },
      "Microsoft.Extensions.DependencyInjection": {
        "type": "Transitive",
        "resolved": "10.0.3",
        "contentHash": "2DLOmC0EkB2smVK8lPP1PIKEgL1arE3CMp9XSIQB/Y7ev5nnnyuM/PizKJ6QfLD08QCYoopSC9SFdbYglDomYg==",
        "dependencies": {
          "Microsoft.Extensions.DependencyInjection.Abstractions": "10.0.3"
        }
      },
      "Microsoft.Extensions.DependencyInjection.Abstractions": {
        "type": "Transitive",
        "resolved": "10.0.3",
        "contentHash": "bwGMrRcAMWx2s/RDgja97p27rxSz2pEQW0+rX5cWAUWVETVJ/eyxGfjAl8vuG5a+lckWmPIE+vcuaZNVB5YDdw=="
      },
      "Microsoft.Extensions.DependencyModel": {
        "type": "Transitive",
        "resolved": "10.0.3",
        "contentHash": "31kRjr1fgdJO1UZ/AsjL2noqwht+juHMQ8c/oh8CEsDhlM2+0zwVZVsZjxSfOFiPtn5+6kRGuvSbLAufAPT0kA=="
      },
      "Microsoft.Extensions.FileProviders.Abstractions": {
        "type": "Transitive",
        "resolved": "6.0.0",
        "contentHash": "0pd4/fho0gC12rQswaGQxbU34jOS1TPS8lZPpkFCH68ppQjHNHYle9iRuHeev1LhrJ94YPvzcRd8UmIuFk23Qw==",
        "dependencies": {
          "Microsoft.Extensions.Primitives": "6.0.0"
        }
      },
      "Microsoft.Extensions.FileProviders.Physical": {
        "type": "Transitive",
        "resolved": "6.0.0",
        "contentHash": "QvkL7l0nM8udt3gfyu0Vw8bbCXblxaKOl7c2oBfgGy4LCURRaL9XWZX1FWJrQc43oMokVneVxH38iz+bY1sbhg==",
        "dependencies": {
          "Microsoft.Extensions.FileProviders.Abstractions": "6.0.0",
          "Microsoft.Extensions.FileSystemGlobbing": "6.0.0",
          "Microsoft.Extensions.Primitives": "6.0.0"
        }
      },
      "Microsoft.Extensions.FileSystemGlobbing": {
        "type": "Transitive",
        "resolved": "6.0.0",
        "contentHash": "ip8jnL1aPiaPeKINCqaTEbvBFDmVx9dXQEBZ2HOBRXPD1eabGNqP/bKlsIcp7U2lGxiXd5xIhoFcmY8nM4Hdiw=="
      },
      "Microsoft.Extensions.Logging": {
        "type": "Transitive",
        "resolved": "10.0.3",
        "contentHash": "8D9Er1cGXNjNDIB+VLBNHn386L5ls2FoiG9a6o12gyn+GG3w6jdfUhzT8dtBnKcevE7/fsVA8MS3FBgFfClFtQ==",
        "dependencies": {
          "Microsoft.Extensions.DependencyInjection": "10.0.3",
          "Microsoft.Extensions.Logging.Abstractions": "10.0.3",
          "Microsoft.Extensions.Options": "10.0.3"
        }
      },
      "Microsoft.Extensions.Logging.Abstractions": {
        "type": "Transitive",
        "resolved": "10.0.3",
        "contentHash": "lxl0WLk7ROgBFAsjcOYjQ8/DVK+VMszxGBzUhgtQmAsTNldLL5pk9NG/cWTsXHq0lUhUEAtZkEE7jOGOA8bGKQ==",
        "dependencies": {
          "Microsoft.Extensions.DependencyInjection.Abstractions": "10.0.3"
        }
      },
      "Microsoft.Extensions.Logging.Configuration": {
        "type": "Transitive",
        "resolved": "9.0.10",
        "contentHash": "qwTRpxrmLOXZrbgQHRZ9wS2AtVa/61DFIYk8k1rBCCgA5qW0MBxxQC4BjkaI0wSoHHOv/IUXBeFNK+Y59qe/Ug==",
        "dependencies": {
          "Microsoft.Extensions.Configuration": "9.0.10",
          "Microsoft.Extensions.Configuration.Abstractions": "9.0.10",
          "Microsoft.Extensions.Configuration.Binder": "9.0.10",
          "Microsoft.Extensions.DependencyInjection.Abstractions": "9.0.10",
          "Microsoft.Extensions.Logging": "9.0.10",
          "Microsoft.Extensions.Logging.Abstractions": "9.0.10",
          "Microsoft.Extensions.Options": "9.0.10",
          "Microsoft.Extensions.Options.ConfigurationExtensions": "9.0.10"
        }
      },
      "Microsoft.Extensions.Options": {
        "type": "Transitive",
        "resolved": "10.0.3",
        "contentHash": "hU6WzGTPvPoLA2ng1ILvWQb3g0qORdlHNsxI8IcPLumJb3suimYUl+bbDzdo1V4KFsvVhnMWzysHpKbZaoDQPQ==",
        "dependencies": {
          "Microsoft.Extensions.DependencyInjection.Abstractions": "10.0.3",
          "Microsoft.Extensions.Primitives": "10.0.3"
        }
      },
      "Microsoft.Extensions.Options.ConfigurationExtensions": {
        "type": "Transitive",
        "resolved": "9.0.10",
        "contentHash": "wLsf2TyVFFxWQPv0PRJj365it1ngIt8utlHJWSZ9OJ2k+NDa/PtBIRsGlF/NkoLwm1m+1vOePNl2MiKfk6lYfQ==",
        "dependencies": {
          "Microsoft.Extensions.Configuration.Abstractions": "9.0.10",
          "Microsoft.Extensions.Configuration.Binder": "9.0.10",
          "Microsoft.Extensions.DependencyInjection.Abstractions": "9.0.10",
          "Microsoft.Extensions.Options": "9.0.10",
          "Microsoft.Extensions.Primitives": "9.0.10"
        }
      },
      "Microsoft.Extensions.Primitives": {
        "type": "Transitive",
        "resolved": "10.0.3",
        "contentHash": "GEcpTwo7sUoLGGNTqV1FZEuL+tTD9m81NX/mh099dqGNna07/UGZShKQNZRw4hv6nlliSUwYQgSYc7OR99Jufg=="
      },
      "Microsoft.IdentityModel.Abstractions": {
        "type": "Transitive",
        "resolved": "8.15.0",
        "contentHash": "e/DApa1GfxUqHSBHcpiQg8yaghKAvFVBQFcWh25jNoRobDZbduTUACY8bZ54eeGWXvimGmEDdF0zkS5Dq16XPQ=="
      },
      "Microsoft.IdentityModel.JsonWebTokens": {
        "type": "Transitive",
        "resolved": "8.15.0",
        "contentHash": "3513f5VzvOZy3ELd42wGnh1Q3e83tlGAuXFSNbENpgWYoAhLLzgFtd5PiaOPGAU0gqKhYGVzKavghLUGfX3HQg==",
        "dependencies": {
          "Microsoft.IdentityModel.Tokens": "8.15.0"
        }
      },
      "Microsoft.IdentityModel.Logging": {
        "type": "Transitive",
        "resolved": "8.15.0",
        "contentHash": "1gJLjhy0LV2RQMJ9NGzi5Tnb2l+c37o8D8Lrk2mrvmb6OQHZ7XJstd/XxvncXgBpad4x9CGXdipbZzJJCXKyAg==",
        "dependencies": {
          "Microsoft.IdentityModel.Abstractions": "8.15.0"
        }
      },
      "Microsoft.IdentityModel.Protocols": {
        "type": "Transitive",
        "resolved": "8.15.0",
        "contentHash": "n4t/m/zpd8rx/nqMqnKmbDqDjqy404JQ+3TYrSXEn7Otw5Vfg6Hmk3tK8SyeAlTzLGC1gVrjt9awPFVBE1tUGQ==",
        "dependencies": {
          "Microsoft.IdentityModel.Tokens": "8.15.0"
        }
      },
      "Microsoft.IdentityModel.Protocols.OpenIdConnect": {
        "type": "Transitive",
        "resolved": "8.15.0",
        "contentHash": "uJ5cHsTHRqx/1W68Gz/7hqUgudai1CXnokIXTQw+ZI1o3hWuhQa1vgSzXX9+IAkOJ/gP+M590Fg3WTwqglJghg==",
        "dependencies": {
          "Microsoft.IdentityModel.Protocols": "8.15.0",
          "System.IdentityModel.Tokens.Jwt": "8.15.0"
        }
      },
      "Microsoft.IdentityModel.Tokens": {
        "type": "Transitive",
        "resolved": "8.15.0",
        "contentHash": "zUE9ysJXBtXlHHRtcRK3Sp8NzdCI1z/BRDTXJQ2TvBoI0ENRtnufYIep0O5TSCJRJGDwwuLTUx+l/bEYZUxpCA==",
        "dependencies": {
          "Microsoft.Extensions.Logging.Abstractions": "10.0.0",
          "Microsoft.IdentityModel.Logging": "8.15.0"
        }
      },
      "Newtonsoft.Json": {
        "type": "Transitive",
        "resolved": "13.0.3",
        "contentHash": "HrC5BXdl00IP9zeV+0Z848QWPAoCr9P3bDEZguI+gkLcBKAOxix/tLEAAHC+UvDNPv4a2d18lOReHMOagPa+zQ=="
      },
      "Okta.Sdk.Abstractions": {
        "type": "Transitive",
        "resolved": "4.0.4",
        "contentHash": "9x1WKRLJlhl/LuA2KQbZ2Fs2tU8iUWvrMru0tcB5TShUZOmOh/icS1cOn/uZ1KtRiRoVtwc4cFs6AS9Umb+1bQ==",
        "dependencies": {
          "Microsoft.Extensions.Configuration.Binder": "6.0.0",
          "Microsoft.Extensions.Configuration.EnvironmentVariables": "6.0.1",
          "Microsoft.Extensions.Configuration.FileExtensions": "6.0.0",
          "Microsoft.Extensions.Configuration.Json": "6.0.0",
          "Microsoft.Extensions.Logging": "5.0.0",
          "Newtonsoft.Json": "12.0.3",
          "System.Interactive.Async": "5.0.0",
          "YamlDotNet": "11.2.1"
        }
      },
      "Polly": {
        "type": "Transitive",
        "resolved": "7.2.4",
        "contentHash": "bw00Ck5sh6ekduDE3mnCo1ohzuad946uslCDEENu3091+6UKnBuKLo4e+yaNcCzXxOZCXWY2gV4a35+K1d4LDA=="
      },
      "RestSharp": {
        "type": "Transitive",
        "resolved": "112.1.0",
        "contentHash": "bOUGNZqhhv/QeCXHTKEUil846yBjwWXpzPKjO67kFvaAOoF361z7jLY5BMnuZ6WD2WQRA750sNMcK7MSPCQ5Mg=="
      },
      "SQLitePCLRaw.bundle_e_sqlite3": {
        "type": "Transitive",
        "resolved": "2.1.11",
        "contentHash": "DC4nA7yWnf4UZdgJDF+9Mus4/cb0Y3Sfgi3gDnAoKNAIBwzkskNAbNbyu+u4atT0ruVlZNJfwZmwiEwE5oz9LQ==",
        "dependencies": {
          "SQLitePCLRaw.lib.e_sqlite3": "2.1.11",
          "SQLitePCLRaw.provider.e_sqlite3": "2.1.11"
        }
      },
      "SQLitePCLRaw.core": {
        "type": "Transitive",
        "resolved": "2.1.11",
        "contentHash": "PK0GLFkfhZzLQeR3PJf71FmhtHox+U3vcY6ZtswoMjrefkB9k6ErNJEnwXqc5KgXDSjige2XXrezqS39gkpQKA=="
      },
      "SQLitePCLRaw.lib.e_sqlite3": {
        "type": "Transitive",
        "resolved": "2.1.11",
        "contentHash": "Ev2ytaXiOlWZ4b3R67GZBsemTINslLD1DCJr2xiacpn4tbapu0Q4dHEzSvZSMnVWeE5nlObU3VZN2p81q3XOYQ=="
      },
      "SQLitePCLRaw.provider.e_sqlite3": {
        "type": "Transitive",
        "resolved": "2.1.11",
        "contentHash": "Y/0ZkR+r0Cg3DQFuCl1RBnv/tmxpIZRU3HUvelPw6MVaKHwYYR8YNvgs0vuNuXCMvlyJ+Fh88U1D4tah1tt6qw==",
        "dependencies": {
          "SQLitePCLRaw.core": "2.1.11"
        }
      },
      "System.IdentityModel.Tokens.Jwt": {
        "type": "Transitive",
        "resolved": "8.15.0",
        "contentHash": "dpodi7ixz6hxK8YCBYAWzm0IA8JYXoKcz0hbCbNifo519//rjUI0fBD8rfNr+IGqq+2gm4oQoXwHk09LX5SqqQ==",
        "dependencies": {
          "Microsoft.IdentityModel.JsonWebTokens": "8.15.0",
          "Microsoft.IdentityModel.Tokens": "8.15.0"
        }
      },
      "System.Interactive.Async": {
        "type": "Transitive",
        "resolved": "5.0.0",
        "contentHash": "QaqhQVDiULcu4vm6o89+iP329HcK44cETHOYgy/jfEjtzeFy0ZxmuM7nel9ocjnKxEM4yh1mli7hgh8Q9o+/Iw==",
        "dependencies": {
          "System.Linq.Async": "5.0.0"
        }
      },
      "System.Linq.Async": {
        "type": "Transitive",
        "resolved": "5.0.0",
        "contentHash": "cPtIuuH8TIjVHSi2ewwReWGW1PfChPE0LxPIDlfwVcLuTM9GANFTXiMB7k3aC4sk3f0cQU25LNKzx+jZMxijqw=="
      },
      "YamlDotNet": {
        "type": "Transitive",
        "resolved": "11.2.1",
        "contentHash": "tBt8K+korVfrjH9wyDEhiLKxbs8qoLCLIFwvYgkSUuMC9//w3z0cFQ8LQAI/5MCKq+BMil0cfRTRvPeE7eXhQw=="
      }
    },
    "net10.0/linux-arm": {
      "SQLitePCLRaw.lib.e_sqlite3": {
        "type": "Transitive",
        "resolved": "2.1.11",
        "contentHash": "Ev2ytaXiOlWZ4b3R67GZBsemTINslLD1DCJr2xiacpn4tbapu0Q4dHEzSvZSMnVWeE5nlObU3VZN2p81q3XOYQ=="
      }
    },
    "net10.0/linux-arm64": {
      "SQLitePCLRaw.lib.e_sqlite3": {
        "type": "Transitive",
        "resolved": "2.1.11",
        "contentHash": "Ev2ytaXiOlWZ4b3R67GZBsemTINslLD1DCJr2xiacpn4tbapu0Q4dHEzSvZSMnVWeE5nlObU3VZN2p81q3XOYQ=="
      }
    },
    "net10.0/linux-x64": {
      "SQLitePCLRaw.lib.e_sqlite3": {
        "type": "Transitive",
        "resolved": "2.1.11",
        "contentHash": "Ev2ytaXiOlWZ4b3R67GZBsemTINslLD1DCJr2xiacpn4tbapu0Q4dHEzSvZSMnVWeE5nlObU3VZN2p81q3XOYQ=="
      }
    },
    "net10.0/osx-arm64": {
      "SQLitePCLRaw.lib.e_sqlite3": {
        "type": "Transitive",
        "resolved": "2.1.11",
        "contentHash": "Ev2ytaXiOlWZ4b3R67GZBsemTINslLD1DCJr2xiacpn4tbapu0Q4dHEzSvZSMnVWeE5nlObU3VZN2p81q3XOYQ=="
      }
    },
    "net10.0/osx-x64": {
      "SQLitePCLRaw.lib.e_sqlite3": {
        "type": "Transitive",
        "resolved": "2.1.11",
        "contentHash": "Ev2ytaXiOlWZ4b3R67GZBsemTINslLD1DCJr2xiacpn4tbapu0Q4dHEzSvZSMnVWeE5nlObU3VZN2p81q3XOYQ=="
      }
    },
    "net10.0/win-arm64": {
      "SQLitePCLRaw.lib.e_sqlite3": {
        "type": "Transitive",
        "resolved": "2.1.11",
        "contentHash": "Ev2ytaXiOlWZ4b3R67GZBsemTINslLD1DCJr2xiacpn4tbapu0Q4dHEzSvZSMnVWeE5nlObU3VZN2p81q3XOYQ=="
      }
    },
    "net10.0/win-x64": {
      "SQLitePCLRaw.lib.e_sqlite3": {
        "type": "Transitive",
        "resolved": "2.1.11",
        "contentHash": "Ev2ytaXiOlWZ4b3R67GZBsemTINslLD1DCJr2xiacpn4tbapu0Q4dHEzSvZSMnVWeE5nlObU3VZN2p81q3XOYQ=="
      }
    }
  }
}